// !$*UTF8*$!
{
	archiveVersion = 1;
	classes = {
	};
	objectVersion = 46;
	objects = {

/* Begin PBXBuildFile section */
		F319750B18F8C4B50072639E /* Pages.plist in Resources */ = {isa = PBXBuildFile; fileRef = F319750A18F8C4B50072639E /* Pages.plist */; };
		F319750E18F8CDF90072639E /* PageModel.m in Sources */ = {isa = PBXBuildFile; fileRef = F319750D18F8CDF90072639E /* PageModel.m */; };
		F319751118F8DC570072639E /* Page1ViewController.m in Sources */ = {isa = PBXBuildFile; fileRef = F319751018F8DC570072639E /* Page1ViewController.m */; };
		F363C53118FAFA83007CAC64 /* CreditsViewController.m in Sources */ = {isa = PBXBuildFile; fileRef = F363C53018FAFA83007CAC64 /* CreditsViewController.m */; };
		F363C53618FAFFE2007CAC64 /* Page2View.xib in Resources */ = {isa = PBXBuildFile; fileRef = F363C53418FAFFE2007CAC64 /* Page2View.xib */; };
		F363C53A18FB3660007CAC64 /* Page3View.xib in Resources */ = {isa = PBXBuildFile; fileRef = F363C53918FB3660007CAC64 /* Page3View.xib */; };
		F363C53D18FB3BFB007CAC64 /* Page4ViewController.m in Sources */ = {isa = PBXBuildFile; fileRef = F363C53C18FB3BFB007CAC64 /* Page4ViewController.m */; };
		F363C54018FB5D23007CAC64 /* Page5ViewController.m in Sources */ = {isa = PBXBuildFile; fileRef = F363C53F18FB5D23007CAC64 /* Page5ViewController.m */; };
		F363C54318FB5D2F007CAC64 /* Page6ViewController.m in Sources */ = {isa = PBXBuildFile; fileRef = F363C54218FB5D2F007CAC64 /* Page6ViewController.m */; };
		F363C54618FB7756007CAC64 /* One.mp4 in Resources */ = {isa = PBXBuildFile; fileRef = F363C54518FB7756007CAC64 /* One.mp4 */; };
		F363C54818FB788A007CAC64 /* OneStep.mp3 in Resources */ = {isa = PBXBuildFile; fileRef = F363C54718FB788A007CAC64 /* OneStep.mp3 */; };
		F363C54A18FB841D007CAC64 /* Jet.caf in Resources */ = {isa = PBXBuildFile; fileRef = F363C54918FB841D007CAC64 /* Jet.caf */; };
		F3D62A1118FC96C30090BF00 /* nasalization-rg.ttf in Resources */ = {isa = PBXBuildFile; fileRef = F3D62A1018FC96C30090BF00 /* nasalization-rg.ttf */; };
		F3D8807C18F0CC5D005D4797 /* Foundation.framework in Frameworks */ = {isa = PBXBuildFile; fileRef = F3D8807B18F0CC5D005D4797 /* Foundation.framework */; };
		F3D8807E18F0CC5D005D4797 /* CoreGraphics.framework in Frameworks */ = {isa = PBXBuildFile; fileRef = F3D8807D18F0CC5D005D4797 /* CoreGraphics.framework */; };
		F3D8808018F0CC5D005D4797 /* UIKit.framework in Frameworks */ = {isa = PBXBuildFile; fileRef = F3D8807F18F0CC5D005D4797 /* UIKit.framework */; };
		F3D8808618F0CC5D005D4797 /* InfoPlist.strings in Resources */ = {isa = PBXBuildFile; fileRef = F3D8808418F0CC5D005D4797 /* InfoPlist.strings */; };
		F3D8808818F0CC5D005D4797 /* main.m in Sources */ = {isa = PBXBuildFile; fileRef = F3D8808718F0CC5D005D4797 /* main.m */; };
		F3D8808C18F0CC5D005D4797 /* AppDelegate.m in Sources */ = {isa = PBXBuildFile; fileRef = F3D8808B18F0CC5D005D4797 /* AppDelegate.m */; };
		F3D8808F18F0CC5D005D4797 /* RootViewController.m in Sources */ = {isa = PBXBuildFile; fileRef = F3D8808E18F0CC5D005D4797 /* RootViewController.m */; };
		F3D8809218F0CC5D005D4797 /* DataViewController.m in Sources */ = {isa = PBXBuildFile; fileRef = F3D8809118F0CC5D005D4797 /* DataViewController.m */; };
		F3D8809518F0CC5D005D4797 /* ModelController.m in Sources */ = {isa = PBXBuildFile; fileRef = F3D8809418F0CC5D005D4797 /* ModelController.m */; };
		F3D8809818F0CC5D005D4797 /* Main.storyboard in Resources */ = {isa = PBXBuildFile; fileRef = F3D8809618F0CC5D005D4797 /* Main.storyboard */; };
		F3D8809A18F0CC5D005D4797 /* Images.xcassets in Resources */ = {isa = PBXBuildFile; fileRef = F3D8809918F0CC5D005D4797 /* Images.xcassets */; };
		F3D880A118F0CC5D005D4797 /* XCTest.framework in Frameworks */ = {isa = PBXBuildFile; fileRef = F3D880A018F0CC5D005D4797 /* XCTest.framework */; };
		F3D880A218F0CC5D005D4797 /* Foundation.framework in Frameworks */ = {isa = PBXBuildFile; fileRef = F3D8807B18F0CC5D005D4797 /* Foundation.framework */; };
		F3D880A318F0CC5D005D4797 /* UIKit.framework in Frameworks */ = {isa = PBXBuildFile; fileRef = F3D8807F18F0CC5D005D4797 /* UIKit.framework */; };
		F3D880AB18F0CC5D005D4797 /* InfoPlist.strings in Resources */ = {isa = PBXBuildFile; fileRef = F3D880A918F0CC5D005D4797 /* InfoPlist.strings */; };
		F3D880AD18F0CC5D005D4797 /* Man_On_The_MoonTests.m in Sources */ = {isa = PBXBuildFile; fileRef = F3D880AC18F0CC5D005D4797 /* Man_On_The_MoonTests.m */; };
		F3D880BB18F0D99E005D4797 /* HomeViewController.m in Sources */ = {isa = PBXBuildFile; fileRef = F3D880BA18F0D99E005D4797 /* HomeViewController.m */; };
/* End PBXBuildFile section */

/* Begin PBXContainerItemProxy section */
		F3D880A418F0CC5D005D4797 /* PBXContainerItemProxy */ = {
			isa = PBXContainerItemProxy;
			containerPortal = F3D8807018F0CC5D005D4797 /* Project object */;
			proxyType = 1;
			remoteGlobalIDString = F3D8807718F0CC5D005D4797;
			remoteInfo = "Man On The Moon";
		};
/* End PBXContainerItemProxy section */

/* Begin PBXFileReference section */
		F319750A18F8C4B50072639E /* Pages.plist */ = {isa = PBXFileReference; fileEncoding = 4; lastKnownFileType = text.plist.xml; path = Pages.plist; sourceTree = "<group>"; };
		F319750C18F8CDF90072639E /* PageModel.h */ = {isa = PBXFileReference; fileEncoding = 4; lastKnownFileType = sourcecode.c.h; path = PageModel.h; sourceTree = "<group>"; };
		F319750D18F8CDF90072639E /* PageModel.m */ = {isa = PBXFileReference; fileEncoding = 4; lastKnownFileType = sourcecode.c.objc; path = PageModel.m; sourceTree = "<group>"; };
		F319750F18F8DC570072639E /* Page1ViewController.h */ = {isa = PBXFileReference; fileEncoding = 4; lastKnownFileType = sourcecode.c.h; path = Page1ViewController.h; sourceTree = "<group>"; };
		F319751018F8DC570072639E /* Page1ViewController.m */ = {isa = PBXFileReference; fileEncoding = 4; lastKnownFileType = sourcecode.c.objc; path = Page1ViewController.m; sourceTree = "<group>"; };
		F363C52F18FAFA83007CAC64 /* CreditsViewController.h */ = {isa = PBXFileReference; fileEncoding = 4; lastKnownFileType = sourcecode.c.h; path = CreditsViewController.h; sourceTree = "<group>"; };
		F363C53018FAFA83007CAC64 /* CreditsViewController.m */ = {isa = PBXFileReference; fileEncoding = 4; lastKnownFileType = sourcecode.c.objc; path = CreditsViewController.m; sourceTree = "<group>"; };
		F363C53418FAFFE2007CAC64 /* Page2View.xib */ = {isa = PBXFileReference; fileEncoding = 4; lastKnownFileType = file.xib; path = Page2View.xib; sourceTree = "<group>"; };
		F363C53918FB3660007CAC64 /* Page3View.xib */ = {isa = PBXFileReference; fileEncoding = 4; lastKnownFileType = file.xib; path = Page3View.xib; sourceTree = "<group>"; };
		F363C53B18FB3BFB007CAC64 /* Page4ViewController.h */ = {isa = PBXFileReference; fileEncoding = 4; lastKnownFileType = sourcecode.c.h; path = Page4ViewController.h; sourceTree = "<group>"; };
		F363C53C18FB3BFB007CAC64 /* Page4ViewController.m */ = {isa = PBXFileReference; fileEncoding = 4; lastKnownFileType = sourcecode.c.objc; path = Page4ViewController.m; sourceTree = "<group>"; };
		F363C53E18FB5D23007CAC64 /* Page5ViewController.h */ = {isa = PBXFileReference; fileEncoding = 4; lastKnownFileType = sourcecode.c.h; path = Page5ViewController.h; sourceTree = "<group>"; };
		F363C53F18FB5D23007CAC64 /* Page5ViewController.m */ = {isa = PBXFileReference; fileEncoding = 4; lastKnownFileType = sourcecode.c.objc; path = Page5ViewController.m; sourceTree = "<group>"; };
		F363C54118FB5D2F007CAC64 /* Page6ViewController.h */ = {isa = PBXFileReference; fileEncoding = 4; lastKnownFileType = sourcecode.c.h; path = Page6ViewController.h; sourceTree = "<group>"; };
		F363C54218FB5D2F007CAC64 /* Page6ViewController.m */ = {isa = PBXFileReference; fileEncoding = 4; lastKnownFileType = sourcecode.c.objc; path = Page6ViewController.m; sourceTree = "<group>"; };
		F363C54518FB7756007CAC64 /* One.mp4 */ = {isa = PBXFileReference; lastKnownFileType = file; path = One.mp4; sourceTree = "<group>"; };
		F363C54718FB788A007CAC64 /* OneStep.mp3 */ = {isa = PBXFileReference; lastKnownFileType = audio.mp3; path = OneStep.mp3; sourceTree = "<group>"; };
		F363C54918FB841D007CAC64 /* Jet.caf */ = {isa = PBXFileReference; lastKnownFileType = file; path = Jet.caf; sourceTree = "<group>"; };
		F3D62A1018FC96C30090BF00 /* nasalization-rg.ttf */ = {isa = PBXFileReference; lastKnownFileType = file; path = "nasalization-rg.ttf"; sourceTree = "<group>"; };
		F3D8807818F0CC5D005D4797 /* Man On The Moon.app */ = {isa = PBXFileReference; explicitFileType = wrapper.application; includeInIndex = 0; path = "Man On The Moon.app"; sourceTree = BUILT_PRODUCTS_DIR; };
		F3D8807B18F0CC5D005D4797 /* Foundation.framework */ = {isa = PBXFileReference; lastKnownFileType = wrapper.framework; name = Foundation.framework; path = System/Library/Frameworks/Foundation.framework; sourceTree = SDKROOT; };
		F3D8807D18F0CC5D005D4797 /* CoreGraphics.framework */ = {isa = PBXFileReference; lastKnownFileType = wrapper.framework; name = CoreGraphics.framework; path = System/Library/Frameworks/CoreGraphics.framework; sourceTree = SDKROOT; };
		F3D8807F18F0CC5D005D4797 /* UIKit.framework */ = {isa = PBXFileReference; lastKnownFileType = wrapper.framework; name = UIKit.framework; path = System/Library/Frameworks/UIKit.framework; sourceTree = SDKROOT; };
		F3D8808318F0CC5D005D4797 /* Man On The Moon-Info.plist */ = {isa = PBXFileReference; lastKnownFileType = text.plist.xml; path = "Man On The Moon-Info.plist"; sourceTree = "<group>"; };
		F3D8808518F0CC5D005D4797 /* en */ = {isa = PBXFileReference; lastKnownFileType = text.plist.strings; name = en; path = en.lproj/InfoPlist.strings; sourceTree = "<group>"; };
		F3D8808718F0CC5D005D4797 /* main.m */ = {isa = PBXFileReference; lastKnownFileType = sourcecode.c.objc; path = main.m; sourceTree = "<group>"; };
		F3D8808918F0CC5D005D4797 /* Man On The Moon-Prefix.pch */ = {isa = PBXFileReference; lastKnownFileType = sourcecode.c.h; path = "Man On The Moon-Prefix.pch"; sourceTree = "<group>"; };
		F3D8808A18F0CC5D005D4797 /* AppDelegate.h */ = {isa = PBXFileReference; lastKnownFileType = sourcecode.c.h; path = AppDelegate.h; sourceTree = "<group>"; };
		F3D8808B18F0CC5D005D4797 /* AppDelegate.m */ = {isa = PBXFileReference; lastKnownFileType = sourcecode.c.objc; path = AppDelegate.m; sourceTree = "<group>"; };
		F3D8808D18F0CC5D005D4797 /* RootViewController.h */ = {isa = PBXFileReference; lastKnownFileType = sourcecode.c.h; path = RootViewController.h; sourceTree = "<group>"; };
		F3D8808E18F0CC5D005D4797 /* RootViewController.m */ = {isa = PBXFileReference; lastKnownFileType = sourcecode.c.objc; path = RootViewController.m; sourceTree = "<group>"; };
		F3D8809018F0CC5D005D4797 /* DataViewController.h */ = {isa = PBXFileReference; lastKnownFileType = sourcecode.c.h; path = DataViewController.h; sourceTree = "<group>"; };
		F3D8809118F0CC5D005D4797 /* DataViewController.m */ = {isa = PBXFileReference; lastKnownFileType = sourcecode.c.objc; path = DataViewController.m; sourceTree = "<group>"; };
		F3D8809318F0CC5D005D4797 /* ModelController.h */ = {isa = PBXFileReference; lastKnownFileType = sourcecode.c.h; path = ModelController.h; sourceTree = "<group>"; };
		F3D8809418F0CC5D005D4797 /* ModelController.m */ = {isa = PBXFileReference; lastKnownFileType = sourcecode.c.objc; path = ModelController.m; sourceTree = "<group>"; };
		F3D8809718F0CC5D005D4797 /* Base */ = {isa = PBXFileReference; lastKnownFileType = file.storyboard; name = Base; path = Base.lproj/Main.storyboard; sourceTree = "<group>"; };
		F3D8809918F0CC5D005D4797 /* Images.xcassets */ = {isa = PBXFileReference; lastKnownFileType = folder.assetcatalog; path = Images.xcassets; sourceTree = "<group>"; };
		F3D8809F18F0CC5D005D4797 /* Man On The MoonTests.xctest */ = {isa = PBXFileReference; explicitFileType = wrapper.cfbundle; includeInIndex = 0; path = "Man On The MoonTests.xctest"; sourceTree = BUILT_PRODUCTS_DIR; };
		F3D880A018F0CC5D005D4797 /* XCTest.framework */ = {isa = PBXFileReference; lastKnownFileType = wrapper.framework; name = XCTest.framework; path = Library/Frameworks/XCTest.framework; sourceTree = DEVELOPER_DIR; };
		F3D880A818F0CC5D005D4797 /* Man On The MoonTests-Info.plist */ = {isa = PBXFileReference; lastKnownFileType = text.plist.xml; path = "Man On The MoonTests-Info.plist"; sourceTree = "<group>"; };
		F3D880AA18F0CC5D005D4797 /* en */ = {isa = PBXFileReference; lastKnownFileType = text.plist.strings; name = en; path = en.lproj/InfoPlist.strings; sourceTree = "<group>"; };
		F3D880AC18F0CC5D005D4797 /* Man_On_The_MoonTests.m */ = {isa = PBXFileReference; lastKnownFileType = sourcecode.c.objc; path = Man_On_The_MoonTests.m; sourceTree = "<group>"; };
		F3D880B918F0D99E005D4797 /* HomeViewController.h */ = {isa = PBXFileReference; fileEncoding = 4; lastKnownFileType = sourcecode.c.h; path = HomeViewController.h; sourceTree = "<group>"; };
		F3D880BA18F0D99E005D4797 /* HomeViewController.m */ = {isa = PBXFileReference; fileEncoding = 4; lastKnownFileType = sourcecode.c.objc; path = HomeViewController.m; sourceTree = "<group>"; };
/* End PBXFileReference section */

/* Begin PBXFrameworksBuildPhase section */
		F3D8807518F0CC5D005D4797 /* Frameworks */ = {
			isa = PBXFrameworksBuildPhase;
			buildActionMask = 2147483647;
			files = (
				F3D8807E18F0CC5D005D4797 /* CoreGraphics.framework in Frameworks */,
				F3D8808018F0CC5D005D4797 /* UIKit.framework in Frameworks */,
				F3D8807C18F0CC5D005D4797 /* Foundation.framework in Frameworks */,
			);
			runOnlyForDeploymentPostprocessing = 0;
		};
		F3D8809C18F0CC5D005D4797 /* Frameworks */ = {
			isa = PBXFrameworksBuildPhase;
			buildActionMask = 2147483647;
			files = (
				F3D880A118F0CC5D005D4797 /* XCTest.framework in Frameworks */,
				F3D880A318F0CC5D005D4797 /* UIKit.framework in Frameworks */,
				F3D880A218F0CC5D005D4797 /* Foundation.framework in Frameworks */,
			);
			runOnlyForDeploymentPostprocessing = 0;
		};
/* End PBXFrameworksBuildPhase section */

/* Begin PBXGroup section */
		F363C54418FB5D4A007CAC64 /* Pages */ = {
			isa = PBXGroup;
			children = (
				F319750A18F8C4B50072639E /* Pages.plist */,
				F319750F18F8DC570072639E /* Page1ViewController.h */,
				F319751018F8DC570072639E /* Page1ViewController.m */,
				F363C53B18FB3BFB007CAC64 /* Page4ViewController.h */,
				F363C53C18FB3BFB007CAC64 /* Page4ViewController.m */,
				F363C53E18FB5D23007CAC64 /* Page5ViewController.h */,
				F363C53F18FB5D23007CAC64 /* Page5ViewController.m */,
				F363C54118FB5D2F007CAC64 /* Page6ViewController.h */,
				F363C54218FB5D2F007CAC64 /* Page6ViewController.m */,
				F363C53418FAFFE2007CAC64 /* Page2View.xib */,
				F363C53918FB3660007CAC64 /* Page3View.xib */,
			);
			name = Pages;
			sourceTree = "<group>";
		};
		F3D8806F18F0CC5D005D4797 = {
			isa = PBXGroup;
			children = (
				F3D8808118F0CC5D005D4797 /* Man On The Moon */,
				F3D880A618F0CC5D005D4797 /* Man On The MoonTests */,
				F3D8807A18F0CC5D005D4797 /* Frameworks */,
				F3D8807918F0CC5D005D4797 /* Products */,
			);
			indentWidth = 2;
			sourceTree = "<group>";
			tabWidth = 2;
		};
		F3D8807918F0CC5D005D4797 /* Products */ = {
			isa = PBXGroup;
			children = (
				F3D8807818F0CC5D005D4797 /* Man On The Moon.app */,
				F3D8809F18F0CC5D005D4797 /* Man On The MoonTests.xctest */,
			);
			name = Products;
			sourceTree = "<group>";
		};
		F3D8807A18F0CC5D005D4797 /* Frameworks */ = {
			isa = PBXGroup;
			children = (
				F3D8807B18F0CC5D005D4797 /* Foundation.framework */,
				F3D8807D18F0CC5D005D4797 /* CoreGraphics.framework */,
				F3D8807F18F0CC5D005D4797 /* UIKit.framework */,
				F3D880A018F0CC5D005D4797 /* XCTest.framework */,
			);
			name = Frameworks;
			sourceTree = "<group>";
		};
		F3D8808118F0CC5D005D4797 /* Man On The Moon */ = {
			isa = PBXGroup;
			children = (
				F3D880B618F0D262005D4797 /* Resources */,
				F3D8808A18F0CC5D005D4797 /* AppDelegate.h */,
				F3D8808B18F0CC5D005D4797 /* AppDelegate.m */,
				F3D8808D18F0CC5D005D4797 /* RootViewController.h */,
				F3D8808E18F0CC5D005D4797 /* RootViewController.m */,
				F3D8809018F0CC5D005D4797 /* DataViewController.h */,
				F3D8809118F0CC5D005D4797 /* DataViewController.m */,
				F3D8809318F0CC5D005D4797 /* ModelController.h */,
				F3D8809418F0CC5D005D4797 /* ModelController.m */,
				F3D880B918F0D99E005D4797 /* HomeViewController.h */,
				F3D880BA18F0D99E005D4797 /* HomeViewController.m */,
				F363C52F18FAFA83007CAC64 /* CreditsViewController.h */,
				F363C53018FAFA83007CAC64 /* CreditsViewController.m */,
				F319750C18F8CDF90072639E /* PageModel.h */,
				F319750D18F8CDF90072639E /* PageModel.m */,
				F363C54418FB5D4A007CAC64 /* Pages */,
				F3D8809618F0CC5D005D4797 /* Main.storyboard */,
				F3D8809918F0CC5D005D4797 /* Images.xcassets */,
				F3D8808218F0CC5D005D4797 /* Supporting Files */,
			);
			path = "Man On The Moon";
			sourceTree = "<group>";
		};
		F3D8808218F0CC5D005D4797 /* Supporting Files */ = {
			isa = PBXGroup;
			children = (
				F3D8808318F0CC5D005D4797 /* Man On The Moon-Info.plist */,
				F3D8808418F0CC5D005D4797 /* InfoPlist.strings */,
				F3D8808718F0CC5D005D4797 /* main.m */,
				F3D8808918F0CC5D005D4797 /* Man On The Moon-Prefix.pch */,
			);
			name = "Supporting Files";
			sourceTree = "<group>";
		};
		F3D880A618F0CC5D005D4797 /* Man On The MoonTests */ = {
			isa = PBXGroup;
			children = (
				F3D880AC18F0CC5D005D4797 /* Man_On_The_MoonTests.m */,
				F3D880A718F0CC5D005D4797 /* Supporting Files */,
			);
			path = "Man On The MoonTests";
			sourceTree = "<group>";
		};
		F3D880A718F0CC5D005D4797 /* Supporting Files */ = {
			isa = PBXGroup;
			children = (
				F3D880A818F0CC5D005D4797 /* Man On The MoonTests-Info.plist */,
				F3D880A918F0CC5D005D4797 /* InfoPlist.strings */,
			);
			name = "Supporting Files";
			sourceTree = "<group>";
		};
		F3D880B618F0D262005D4797 /* Resources */ = {
			isa = PBXGroup;
			children = (
				F3D62A1018FC96C30090BF00 /* nasalization-rg.ttf */,
				F363C54918FB841D007CAC64 /* Jet.caf */,
				F363C54718FB788A007CAC64 /* OneStep.mp3 */,
				F363C54518FB7756007CAC64 /* One.mp4 */,
			);
			name = Resources;
			sourceTree = "<group>";
		};
/* End PBXGroup section */

/* Begin PBXNativeTarget section */
		F3D8807718F0CC5D005D4797 /* Man On The Moon */ = {
			isa = PBXNativeTarget;
			buildConfigurationList = F3D880B018F0CC5D005D4797 /* Build configuration list for PBXNativeTarget "Man On The Moon" */;
			buildPhases = (
				F3D8807418F0CC5D005D4797 /* Sources */,
				F3D8807518F0CC5D005D4797 /* Frameworks */,
				F3D8807618F0CC5D005D4797 /* Resources */,
			);
			buildRules = (
			);
			dependencies = (
			);
			name = "Man On The Moon";
			productName = "Man On The Moon";
			productReference = F3D8807818F0CC5D005D4797 /* Man On The Moon.app */;
			productType = "com.apple.product-type.application";
		};
		F3D8809E18F0CC5D005D4797 /* Man On The MoonTests */ = {
			isa = PBXNativeTarget;
			buildConfigurationList = F3D880B318F0CC5D005D4797 /* Build configuration list for PBXNativeTarget "Man On The MoonTests" */;
			buildPhases = (
				F3D8809B18F0CC5D005D4797 /* Sources */,
				F3D8809C18F0CC5D005D4797 /* Frameworks */,
				F3D8809D18F0CC5D005D4797 /* Resources */,
			);
			buildRules = (
			);
			dependencies = (
				F3D880A518F0CC5D005D4797 /* PBXTargetDependency */,
			);
			name = "Man On The MoonTests";
			productName = "Man On The MoonTests";
			productReference = F3D8809F18F0CC5D005D4797 /* Man On The MoonTests.xctest */;
			productType = "com.apple.product-type.bundle.unit-test";
		};
/* End PBXNativeTarget section */

/* Begin PBXProject section */
		F3D8807018F0CC5D005D4797 /* Project object */ = {
			isa = PBXProject;
			attributes = {
				LastUpgradeCheck = 0510;
				ORGANIZATIONNAME = "Mark Meyer";
				TargetAttributes = {
					F3D8809E18F0CC5D005D4797 = {
						TestTargetID = F3D8807718F0CC5D005D4797;
					};
				};
			};
			buildConfigurationList = F3D8807318F0CC5D005D4797 /* Build configuration list for PBXProject "Man On The Moon" */;
			compatibilityVersion = "Xcode 3.2";
			developmentRegion = English;
			hasScannedForEncodings = 0;
			knownRegions = (
				en,
				Base,
			);
			mainGroup = F3D8806F18F0CC5D005D4797;
			productRefGroup = F3D8807918F0CC5D005D4797 /* Products */;
			projectDirPath = "";
			projectRoot = "";
			targets = (
				F3D8807718F0CC5D005D4797 /* Man On The Moon */,
				F3D8809E18F0CC5D005D4797 /* Man On The MoonTests */,
			);
		};
/* End PBXProject section */

/* Begin PBXResourcesBuildPhase section */
		F3D8807618F0CC5D005D4797 /* Resources */ = {
			isa = PBXResourcesBuildPhase;
			buildActionMask = 2147483647;
			files = (
				F3D8809A18F0CC5D005D4797 /* Images.xcassets in Resources */,
				F363C53A18FB3660007CAC64 /* Page3View.xib in Resources */,
				F363C54A18FB841D007CAC64 /* Jet.caf in Resources */,
				F363C54818FB788A007CAC64 /* OneStep.mp3 in Resources */,
				F363C54618FB7756007CAC64 /* One.mp4 in Resources */,
				F3D8808618F0CC5D005D4797 /* InfoPlist.strings in Resources */,
				F3D8809818F0CC5D005D4797 /* Main.storyboard in Resources */,
				F319750B18F8C4B50072639E /* Pages.plist in Resources */,
				F3D62A1118FC96C30090BF00 /* nasalization-rg.ttf in Resources */,
				F363C53618FAFFE2007CAC64 /* Page2View.xib in Resources */,
			);
			runOnlyForDeploymentPostprocessing = 0;
		};
		F3D8809D18F0CC5D005D4797 /* Resources */ = {
			isa = PBXResourcesBuildPhase;
			buildActionMask = 2147483647;
			files = (
				F3D880AB18F0CC5D005D4797 /* InfoPlist.strings in Resources */,
			);
			runOnlyForDeploymentPostprocessing = 0;
		};
/* End PBXResourcesBuildPhase section */

/* Begin PBXSourcesBuildPhase section */
		F3D8807418F0CC5D005D4797 /* Sources */ = {
			isa = PBXSourcesBuildPhase;
			buildActionMask = 2147483647;
			files = (
				F363C54018FB5D23007CAC64 /* Page5ViewController.m in Sources */,
				F319750E18F8CDF90072639E /* PageModel.m in Sources */,
				F363C54318FB5D2F007CAC64 /* Page6ViewController.m in Sources */,
				F3D8809218F0CC5D005D4797 /* DataViewController.m in Sources */,
				F3D8808C18F0CC5D005D4797 /* AppDelegate.m in Sources */,
				F363C53118FAFA83007CAC64 /* CreditsViewController.m in Sources */,
				F3D8809518F0CC5D005D4797 /* ModelController.m in Sources */,
				F3D8808818F0CC5D005D4797 /* main.m in Sources */,
				F363C53D18FB3BFB007CAC64 /* Page4ViewController.m in Sources */,
				F319751118F8DC570072639E /* Page1ViewController.m in Sources */,
				F3D8808F18F0CC5D005D4797 /* RootViewController.m in Sources */,
				F3D880BB18F0D99E005D4797 /* HomeViewController.m in Sources */,
			);
			runOnlyForDeploymentPostprocessing = 0;
		};
		F3D8809B18F0CC5D005D4797 /* Sources */ = {
			isa = PBXSourcesBuildPhase;
			buildActionMask = 2147483647;
			files = (
				F3D880AD18F0CC5D005D4797 /* Man_On_The_MoonTests.m in Sources */,
			);
			runOnlyForDeploymentPostprocessing = 0;
		};
/* End PBXSourcesBuildPhase section */

/* Begin PBXTargetDependency section */
		F3D880A518F0CC5D005D4797 /* PBXTargetDependency */ = {
			isa = PBXTargetDependency;
			target = F3D8807718F0CC5D005D4797 /* Man On The Moon */;
			targetProxy = F3D880A418F0CC5D005D4797 /* PBXContainerItemProxy */;
		};
/* End PBXTargetDependency section */

/* Begin PBXVariantGroup section */
		F3D8808418F0CC5D005D4797 /* InfoPlist.strings */ = {
			isa = PBXVariantGroup;
			children = (
				F3D8808518F0CC5D005D4797 /* en */,
			);
			name = InfoPlist.strings;
			sourceTree = "<group>";
		};
		F3D8809618F0CC5D005D4797 /* Main.storyboard */ = {
			isa = PBXVariantGroup;
			children = (
				F3D8809718F0CC5D005D4797 /* Base */,
			);
			name = Main.storyboard;
			sourceTree = "<group>";
		};
		F3D880A918F0CC5D005D4797 /* InfoPlist.strings */ = {
			isa = PBXVariantGroup;
			children = (
				F3D880AA18F0CC5D005D4797 /* en */,
			);
			name = InfoPlist.strings;
			sourceTree = "<group>";
		};
/* End PBXVariantGroup section */

/* Begin XCBuildConfiguration section */
		F3D880AE18F0CC5D005D4797 /* Debug */ = {
			isa = XCBuildConfiguration;
			buildSettings = {
				ALWAYS_SEARCH_USER_PATHS = NO;
				CLANG_CXX_LANGUAGE_STANDARD = "gnu++0x";
				CLANG_CXX_LIBRARY = "libc++";
				CLANG_ENABLE_MODULES = YES;
				CLANG_ENABLE_OBJC_ARC = YES;
				CLANG_WARN_BOOL_CONVERSION = YES;
				CLANG_WARN_CONSTANT_CONVERSION = YES;
				CLANG_WARN_DIRECT_OBJC_ISA_USAGE = YES_ERROR;
				CLANG_WARN_EMPTY_BODY = YES;
				CLANG_WARN_ENUM_CONVERSION = YES;
				CLANG_WARN_INT_CONVERSION = YES;
				CLANG_WARN_OBJC_ROOT_CLASS = YES_ERROR;
				CLANG_WARN__DUPLICATE_METHOD_MATCH = YES;
				"CODE_SIGN_IDENTITY[sdk=iphoneos*]" = "iPhone Developer";
				COPY_PHASE_STRIP = NO;
				GCC_C_LANGUAGE_STANDARD = gnu99;
				GCC_DYNAMIC_NO_PIC = NO;
				GCC_OPTIMIZATION_LEVEL = 0;
				GCC_PREPROCESSOR_DEFINITIONS = (
					"DEBUG=1",
					"$(inherited)",
				);
				GCC_SYMBOLS_PRIVATE_EXTERN = NO;
				GCC_WARN_64_TO_32_BIT_CONVERSION = YES;
				GCC_WARN_ABOUT_RETURN_TYPE = YES_ERROR;
				GCC_WARN_UNDECLARED_SELECTOR = YES;
				GCC_WARN_UNINITIALIZED_AUTOS = YES_AGGRESSIVE;
				GCC_WARN_UNUSED_FUNCTION = YES;
				GCC_WARN_UNUSED_VARIABLE = YES;
				IPHONEOS_DEPLOYMENT_TARGET = 7.1;
				ONLY_ACTIVE_ARCH = YES;
				SDKROOT = iphoneos;
				TARGETED_DEVICE_FAMILY = 2;
			};
			name = Debug;
		};
		F3D880AF18F0CC5D005D4797 /* Release */ = {
			isa = XCBuildConfiguration;
			buildSettings = {
				ALWAYS_SEARCH_USER_PATHS = NO;
				CLANG_CXX_LANGUAGE_STANDARD = "gnu++0x";
				CLANG_CXX_LIBRARY = "libc++";
				CLANG_ENABLE_MODULES = YES;
				CLANG_ENABLE_OBJC_ARC = YES;
				CLANG_WARN_BOOL_CONVERSION = YES;
				CLANG_WARN_CONSTANT_CONVERSION = YES;
				CLANG_WARN_DIRECT_OBJC_ISA_USAGE = YES_ERROR;
				CLANG_WARN_EMPTY_BODY = YES;
				CLANG_WARN_ENUM_CONVERSION = YES;
				CLANG_WARN_INT_CONVERSION = YES;
				CLANG_WARN_OBJC_ROOT_CLASS = YES_ERROR;
				CLANG_WARN__DUPLICATE_METHOD_MATCH = YES;
				"CODE_SIGN_IDENTITY[sdk=iphoneos*]" = "iPhone Developer";
				COPY_PHASE_STRIP = YES;
				ENABLE_NS_ASSERTIONS = NO;
				GCC_C_LANGUAGE_STANDARD = gnu99;
				GCC_WARN_64_TO_32_BIT_CONVERSION = YES;
				GCC_WARN_ABOUT_RETURN_TYPE = YES_ERROR;
				GCC_WARN_UNDECLARED_SELECTOR = YES;
				GCC_WARN_UNINITIALIZED_AUTOS = YES_AGGRESSIVE;
				GCC_WARN_UNUSED_FUNCTION = YES;
				GCC_WARN_UNUSED_VARIABLE = YES;
				IPHONEOS_DEPLOYMENT_TARGET = 7.1;
				SDKROOT = iphoneos;
				TARGETED_DEVICE_FAMILY = 2;
				VALIDATE_PRODUCT = YES;
			};
			name = Release;
		};
		F3D880B118F0CC5D005D4797 /* Debug */ = {
			isa = XCBuildConfiguration;
			buildSettings = {
				ASSETCATALOG_COMPILER_APPICON_NAME = AppIcon;
				ASSETCATALOG_COMPILER_LAUNCHIMAGE_NAME = LaunchImage;
				GCC_PRECOMPILE_PREFIX_HEADER = YES;
				GCC_PREFIX_HEADER = "Man On The Moon/Man On The Moon-Prefix.pch";
				INFOPLIST_FILE = "Man On The Moon/Man On The Moon-Info.plist";
				PRODUCT_NAME = "$(TARGET_NAME)";
				WRAPPER_EXTENSION = app;
			};
			name = Debug;
		};
		F3D880B218F0CC5D005D4797 /* Release */ = {
			isa = XCBuildConfiguration;
			buildSettings = {
				ASSETCATALOG_COMPILER_APPICON_NAME = AppIcon;
				ASSETCATALOG_COMPILER_LAUNCHIMAGE_NAME = LaunchImage;
				GCC_PRECOMPILE_PREFIX_HEADER = YES;
				GCC_PREFIX_HEADER = "Man On The Moon/Man On The Moon-Prefix.pch";
				INFOPLIST_FILE = "Man On The Moon/Man On The Moon-Info.plist";
				PRODUCT_NAME = "$(TARGET_NAME)";
				WRAPPER_EXTENSION = app;
			};
			name = Release;
		};
		F3D880B418F0CC5D005D4797 /* Debug */ = {
			isa = XCBuildConfiguration;
			buildSettings = {
				BUNDLE_LOADER = "$(BUILT_PRODUCTS_DIR)/Man On The Moon.app/Man On The Moon";
				FRAMEWORK_SEARCH_PATHS = (
					"$(SDKROOT)/Developer/Library/Frameworks",
					"$(inherited)",
					"$(DEVELOPER_FRAMEWORKS_DIR)",
				);
				GCC_PRECOMPILE_PREFIX_HEADER = YES;
				GCC_PREFIX_HEADER = "Man On The Moon/Man On The Moon-Prefix.pch";
				GCC_PREPROCESSOR_DEFINITIONS = (
					"DEBUG=1",
					"$(inherited)",
				);
				INFOPLIST_FILE = "Man On The MoonTests/Man On The MoonTests-Info.plist";
				PRODUCT_NAME = "$(TARGET_NAME)";
				TEST_HOST = "$(BUNDLE_LOADER)";
				WRAPPER_EXTENSION = xctest;
			};
			name = Debug;
		};
		F3D880B518F0CC5D005D4797 /* Release */ = {
			isa = XCBuildConfiguration;
			buildSettings = {
				BUNDLE_LOADER = "$(BUILT_PRODUCTS_DIR)/Man On The Moon.app/Man On The Moon";
				FRAMEWORK_SEARCH_PATHS = (
					"$(SDKROOT)/Developer/Library/Frameworks",
					"$(inherited)",
					"$(DEVELOPER_FRAMEWORKS_DIR)",
				);
				GCC_PRECOMPILE_PREFIX_HEADER = YES;
				GCC_PREFIX_HEADER = "Man On The Moon/Man On The Moon-Prefix.pch";
				INFOPLIST_FILE = "Man On The MoonTests/Man On The MoonTests-Info.plist";
				PRODUCT_NAME = "$(TARGET_NAME)";
				TEST_HOST = "$(BUNDLE_LOADER)";
				WRAPPER_EXTENSION = xctest;
			};
			name = Release;
		};
/* End XCBuildConfiguration section */

/* Begin XCConfigurationList section */
		F3D8807318F0CC5D005D4797 /* Build configuration list for PBXProject "Man On The Moon" */ = {
			isa = XCConfigurationList;
			buildConfigurations = (
				F3D880AE18F0CC5D005D4797 /* Debug */,
				F3D880AF18F0CC5D005D4797 /* Release */,
			);
			defaultConfigurationIsVisible = 0;
			defaultConfigurationName = Release;
		};
		F3D880B018F0CC5D005D4797 /* Build configuration list for PBXNativeTarget "Man On The Moon" */ = {
			isa = XCConfigurationList;
			buildConfigurations = (
				F3D880B118F0CC5D005D4797 /* Debug */,
				F3D880B218F0CC5D005D4797 /* Release */,
			);
			defaultConfigurationIsVisible = 0;
			defaultConfigurationName = Release;
		};
		F3D880B318F0CC5D005D4797 /* Build configuration list for PBXNativeTarget "Man On The MoonTests" */ = {
			isa = XCConfigurationList;
			buildConfigurations = (
				F3D880B418F0CC5D005D4797 /* Debug */,
				F3D880B518F0CC5D005D4797 /* Release */,
			);
			defaultConfigurationIsVisible = 0;
			defaultConfigurationName = Release;
		};
/* End XCConfigurationList section */
	};
	rootObject = F3D8807018F0CC5D005D4797 /* Project object */;
}
